// !$*UTF8*$!
{
	archiveVersion = 1;
	classes = {
	};
	objectVersion = 56;
	objects = {

/* Begin PBXBuildFile section */
		F0A275CB2F8FCFE300EEFD0A /* packera_iosApp.swift in Sources */ = {isa = PBXBuildFile; fileRef = F0A275CA2F8FCFE300EEFD0A /* packera_iosApp.swift */; };
		F0A275CD2F8FCFE300EEFD0A /* ContentView.swift in Sources */ = {isa = PBXBuildFile; fileRef = F0A275CC2F8FCFE300EEFD0A /* ContentView.swift */; };
		F0A275CF2F8FCFE400EEFD0A /* Assets.xcassets in Resources */ = {isa = PBXBuildFile; fileRef = F0A275CE2F8FCFE400EEFD0A /* Assets.xcassets */; };
		F0A275D22F8FCFE400EEFD0A /* Preview Assets.xcassets in Resources */ = {isa = PBXBuildFile; fileRef = F0A275D12F8FCFE400EEFD0A /* Preview Assets.xcassets */; };
		F0A275DC2F8FCFE400EEFD0A /* packera_iosTests.swift in Sources */ = {isa = PBXBuildFile; fileRef = F0A275DB2F8FCFE400EEFD0A /* packera_iosTests.swift */; };
		F0A275E62F8FCFE400EEFD0A /* packera_iosUITests.swift in Sources */ = {isa = PBXBuildFile; fileRef = F0A275E52F8FCFE400EEFD0A /* packera_iosUITests.swift */; };
		F0A275E82F8FCFE400EEFD0A /* packera_iosUITestsLaunchTests.swift in Sources */ = {isa = PBXBuildFile; fileRef = F0A275E72F8FCFE400EEFD0A /* packera_iosUITestsLaunchTests.swift */; };
/* End PBXBuildFile section */

/* Begin PBXContainerItemProxy section */
		F0A275D82F8FCFE400EEFD0A /* PBXContainerItemProxy */ = {
			isa = PBXContainerItemProxy;
			containerPortal = F0A275BF2F8FCFE300EEFD0A /* Project object */;
			proxyType = 1;
			remoteGlobalIDString = F0A275C62F8FCFE300EEFD0A;
			remoteInfo = "packera-ios";
		};
		F0A275E22F8FCFE400EEFD0A /* PBXContainerItemProxy */ = {
			isa = PBXContainerItemProxy;
			containerPortal = F0A275BF2F8FCFE300EEFD0A /* Project object */;
			proxyType = 1;
			remoteGlobalIDString = F0A275C62F8FCFE300EEFD0A;
			remoteInfo = "packera-ios";
		};
/* End PBXContainerItemProxy section */

/* Begin PBXFileReference section */
		F0A275C72F8FCFE300EEFD0A /* packera-ios.app */ = {isa = PBXFileReference; explicitFileType = wrapper.application; includeInIndex = 0; path = "packera-ios.app"; sourceTree = BUILT_PRODUCTS_DIR; };
		F0A275CA2F8FCFE300EEFD0A /* packera_iosApp.swift */ = {isa = PBXFileReference; lastKnownFileType = sourcecode.swift; path = packera_iosApp.swift; sourceTree = "<group>"; };
		F0A275CC2F8FCFE300EEFD0A /* ContentView.swift */ = {isa = PBXFileReference; lastKnownFileType = sourcecode.swift; path = ContentView.swift; sourceTree = "<group>"; };
		F0A275CE2F8FCFE400EEFD0A /* Assets.xcassets */ = {isa = PBXFileReference; lastKnownFileType = folder.assetcatalog; path = Assets.xcassets; sourceTree = "<group>"; };
		F0A275D12F8FCFE400EEFD0A /* Preview Assets.xcassets */ = {isa = PBXFileReference; lastKnownFileType = folder.assetcatalog; path = "Preview Assets.xcassets"; sourceTree = "<group>"; };
		F0A275D72F8FCFE400EEFD0A /* packera-iosTests.xctest */ = {isa = PBXFileReference; explicitFileType = wrapper.cfbundle; includeInIndex = 0; path = "packera-iosTests.xctest"; sourceTree = BUILT_PRODUCTS_DIR; };
		F0A275DB2F8FCFE400EEFD0A /* packera_iosTests.swift */ = {isa = PBXFileReference; lastKnownFileType = sourcecode.swift; path = packera_iosTests.swift; sourceTree = "<group>"; };
		F0A275E12F8FCFE400EEFD0A /* packera-iosUITests.xctest */ = {isa = PBXFileReference; explicitFileType = wrapper.cfbundle; includeInIndex = 0; path = "packera-iosUITests.xctest"; sourceTree = BUILT_PRODUCTS_DIR; };
		F0A275E52F8FCFE400EEFD0A /* packera_iosUITests.swift */ = {isa = PBXFileReference; lastKnownFileType = sourcecode.swift; path = packera_iosUITests.swift; sourceTree = "<group>"; };
		F0A275E72F8FCFE400EEFD0A /* packera_iosUITestsLaunchTests.swift */ = {isa = PBXFileReference; lastKnownFileType = sourcecode.swift; path = packera_iosUITestsLaunchTests.swift; sourceTree = "<group>"; };
/* End PBXFileReference section */

/* Begin PBXFrameworksBuildPhase section */
		F0A275C42F8FCFE300EEFD0A /* Frameworks */ = {
			isa = PBXFrameworksBuildPhase;
			buildActionMask = 2147483647;
			files = (
			);
			runOnlyForDeploymentPostprocessing = 0;
		};
		F0A275D42F8FCFE400EEFD0A /* Frameworks */ = {
			isa = PBXFrameworksBuildPhase;
			buildActionMask = 2147483647;
			files = (
			);
			runOnlyForDeploymentPostprocessing = 0;
		};
		F0A275DE2F8FCFE400EEFD0A /* Frameworks */ = {
			isa = PBXFrameworksBuildPhase;
			buildActionMask = 2147483647;
			files = (
			);
			runOnlyForDeploymentPostprocessing = 0;
		};
/* End PBXFrameworksBuildPhase section */

/* Begin PBXGroup section */
		F0A275BE2F8FCFE300EEFD0A = {
			isa = PBXGroup;
			children = (
				F0A275C92F8FCFE300EEFD0A /* packera-ios */,
				F0A275DA2F8FCFE400EEFD0A /* packera-iosTests */,
				F0A275E42F8FCFE400EEFD0A /* packera-iosUITests */,
				F0A275C82F8FCFE300EEFD0A /* Products */,
			);
			sourceTree = "<group>";
		};
		F0A275C82F8FCFE300EEFD0A /* Products */ = {
			isa = PBXGroup;
			children = (
				F0A275C72F8FCFE300EEFD0A /* packera-ios.app */,
				F0A275D72F8FCFE400EEFD0A /* packera-iosTests.xctest */,
				F0A275E12F8FCFE400EEFD0A /* packera-iosUITests.xctest */,
			);
			name = Products;
			sourceTree = "<group>";
		};
		F0A275C92F8FCFE300EEFD0A /* packera-ios */ = {
			isa = PBXGroup;
			children = (
				F0A275CA2F8FCFE300EEFD0A /* packera_iosApp.swift */,
				F0A275CC2F8FCFE300EEFD0A /* ContentView.swift */,
				F0A275CE2F8FCFE400EEFD0A /* Assets.xcassets */,
				F0A275D02F8FCFE400EEFD0A /* Preview Content */,
			);
			path = "packera-ios";
			sourceTree = "<group>";
		};
		F0A275D02F8FCFE400EEFD0A /* Preview Content */ = {
			isa = PBXGroup;
			children = (
				F0A275D12F8FCFE400EEFD0A /* Preview Assets.xcassets */,
			);
			path = "Preview Content";
			sourceTree = "<group>";
		};
		F0A275DA2F8FCFE400EEFD0A /* packera-iosTests */ = {
			isa = PBXGroup;
			children = (
				F0A275DB2F8FCFE400EEFD0A /* packera_iosTests.swift */,
			);
			path = "packera-iosTests";
			sourceTree = "<group>";
		};
		F0A275E42F8FCFE400EEFD0A /* packera-iosUITests */ = {
			isa = PBXGroup;
			children = (
				F0A275E52F8FCFE400EEFD0A /* packera_iosUITests.swift */,
				F0A275E72F8FCFE400EEFD0A /* packera_iosUITestsLaunchTests.swift */,
			);
			path = "packera-iosUITests";
			sourceTree = "<group>";
		};
/* End PBXGroup section */

/* Begin PBXNativeTarget section */
		F0A275C62F8FCFE300EEFD0A /* packera-ios */ = {
			isa = PBXNativeTarget;
			buildConfigurationList = F0A275EB2F8FCFE400EEFD0A /* Build configuration list for PBXNativeTarget "packera-ios" */;
			buildPhases = (
				F0A275C32F8FCFE300EEFD0A /* Sources */,
				F0A275C42F8FCFE300EEFD0A /* Frameworks */,
				F0A275C52F8FCFE300EEFD0A /* Resources */,
			);
			buildRules = (
			);
			dependencies = (
			);
			name = "packera-ios";
			productName = "packera-ios";
			productReference = F0A275C72F8FCFE300EEFD0A /* packera-ios.app */;
			productType = "com.apple.product-type.application";
		};
		F0A275D62F8FCFE400EEFD0A /* packera-iosTests */ = {
			isa = PBXNativeTarget;
			buildConfigurationList = F0A275EE2F8FCFE400EEFD0A /* Build configuration list for PBXNativeTarget "packera-iosTests" */;
			buildPhases = (
				F0A275D32F8FCFE400EEFD0A /* Sources */,
				F0A275D42F8FCFE400EEFD0A /* Frameworks */,
				F0A275D52F8FCFE400EEFD0A /* Resources */,
			);
			buildRules = (
			);
			dependencies = (
				F0A275D92F8FCFE400EEFD0A /* PBXTargetDependency */,
			);
			name = "packera-iosTests";
			productName = "packera-iosTests";
			productReference = F0A275D72F8FCFE400EEFD0A /* packera-iosTests.xctest */;
			productType = "com.apple.product-type.bundle.unit-test";
		};
		F0A275E02F8FCFE400EEFD0A /* packera-iosUITests */ = {
			isa = PBXNativeTarget;
			buildConfigurationList = F0A275F12F8FCFE400EEFD0A /* Build configuration list for PBXNativeTarget "packera-iosUITests" */;
			buildPhases = (
				F0A275DD2F8FCFE400EEFD0A /* Sources */,
				F0A275DE2F8FCFE400EEFD0A /* Frameworks */,
				F0A275DF2F8FCFE400EEFD0A /* Resources */,
			);
			buildRules = (
			);
			dependencies = (
				F0A275E32F8FCFE400EEFD0A /* PBXTargetDependency */,
			);
			name = "packera-iosUITests";
			productName = "packera-iosUITests";
			productReference = F0A275E12F8FCFE400EEFD0A /* packera-iosUITests.xctest */;
			productType = "com.apple.product-type.bundle.ui-testing";
		};
/* End PBXNativeTarget section */

/* Begin PBXProject section */
		F0A275BF2F8FCFE300EEFD0A /* Project object */ = {
			isa = PBXProject;
			attributes = {
				BuildIndependentTargetsInParallel = 1;
				LastSwiftUpdateCheck = 1520;
				LastUpgradeCheck = 1520;
				TargetAttributes = {
					F0A275C62F8FCFE300EEFD0A = {
						CreatedOnToolsVersion = 15.2;
					};
					F0A275D62F8FCFE400EEFD0A = {
						CreatedOnToolsVersion = 15.2;
						TestTargetID = F0A275C62F8FCFE300EEFD0A;
					};
					F0A275E02F8FCFE400EEFD0A = {
						CreatedOnToolsVersion = 15.2;
						TestTargetID = F0A275C62F8FCFE300EEFD0A;
					};
				};
			};
			buildConfigurationList = F0A275C22F8FCFE300EEFD0A /* Build configuration list for PBXProject "packera-ios" */;
			compatibilityVersion = "Xcode 14.0";
			developmentRegion = en;
			hasScannedForEncodings = 0;
			knownRegions = (
				en,
				Base,
			);
			mainGroup = F0A275BE2F8FCFE300EEFD0A;
			productRefGroup = F0A275C82F8FCFE300EEFD0A /* Products */;
			projectDirPath = "";
			projectRoot = "";
			targets = (
				F0A275C62F8FCFE300EEFD0A /* packera-ios */,
				F0A275D62F8FCFE400EEFD0A /* packera-iosTests */,
				F0A275E02F8FCFE400EEFD0A /* packera-iosUITests */,
			);
		};
/* End PBXProject section */

/* Begin PBXResourcesBuildPhase section */
		F0A275C52F8FCFE300EEFD0A /* Resources */ = {
			isa = PBXResourcesBuildPhase;
			buildActionMask = 2147483647;
			files = (
				F0A275D22F8FCFE400EEFD0A /* Preview Assets.xcassets in Resources */,
				F0A275CF2F8FCFE400EEFD0A /* Assets.xcassets in Resources */,
			);
			runOnlyForDeploymentPostprocessing = 0;
		};
		F0A275D52F8FCFE400EEFD0A /* Resources */ = {
			isa = PBXResourcesBuildPhase;
			buildActionMask = 2147483647;
			files = (
			);
			runOnlyForDeploymentPostprocessing = 0;
		};
		F0A275DF2F8FCFE400EEFD0A /* Resources */ = {
			isa = PBXResourcesBuildPhase;
			buildActionMask = 2147483647;
			files = (
			);
			runOnlyForDeploymentPostprocessing = 0;
		};
/* End PBXResourcesBuildPhase section */

/* Begin PBXSourcesBuildPhase section */
		F0A275C32F8FCFE300EEFD0A /* Sources */ = {
			isa = PBXSourcesBuildPhase;
			buildActionMask = 2147483647;
			files = (
				F0A275CD2F8FCFE300EEFD0A /* ContentView.swift in Sources */,
				F0A275CB2F8FCFE300EEFD0A /* packera_iosApp.swift in Sources */,
			);
			runOnlyForDeploymentPostprocessing = 0;
		};
		F0A275D32F8FCFE400EEFD0A /* Sources */ = {
			isa = PBXSourcesBuildPhase;
			buildActionMask = 2147483647;
			files = (
				F0A275DC2F8FCFE400EEFD0A /* packera_iosTests.swift in Sources */,
			);
			runOnlyForDeploymentPostprocessing = 0;
		};
		F0A275DD2F8FCFE400EEFD0A /* Sources */ = {
			isa = PBXSourcesBuildPhase;
			buildActionMask = 2147483647;
			files = (
				F0A275E82F8FCFE400EEFD0A /* packera_iosUITestsLaunchTests.swift in Sources */,
				F0A275E62F8FCFE400EEFD0A /* packera_iosUITests.swift in Sources */,
			);
			runOnlyForDeploymentPostprocessing = 0;
		};
/* End PBXSourcesBuildPhase section */

/* Begin PBXTargetDependency section */
		F0A275D92F8FCFE400EEFD0A /* PBXTargetDependency */ = {
			isa = PBXTargetDependency;
			target = F0A275C62F8FCFE300EEFD0A /* packera-ios */;
			targetProxy = F0A275D82F8FCFE400EEFD0A /* PBXContainerItemProxy */;
		};
		F0A275E32F8FCFE400EEFD0A /* PBXTargetDependency */ = {
			isa = PBXTargetDependency;
			target = F0A275C62F8FCFE300EEFD0A /* packera-ios */;
			targetProxy = F0A275E22F8FCFE400EEFD0A /* PBXContainerItemProxy */;
		};
/* End PBXTargetDependency section */

/* Begin XCBuildConfiguration section */
		F0A275E92F8FCFE400EEFD0A /* Debug */ = {
			isa = XCBuildConfiguration;
			buildSettings = {
				ALWAYS_SEARCH_USER_PATHS = NO;
				ASSETCATALOG_COMPILER_GENERATE_SWIFT_ASSET_SYMBOL_EXTENSIONS = YES;
				CLANG_ANALYZER_NONNULL = YES;
				CLANG_ANALYZER_NUMBER_OBJECT_CONVERSION = YES_AGGRESSIVE;
				CLANG_CXX_LANGUAGE_STANDARD = "gnu++20";
				CLANG_ENABLE_MODULES = YES;
				CLANG_ENABLE_OBJC_ARC = YES;
				CLANG_ENABLE_OBJC_WEAK = YES;
				CLANG_WARN_BLOCK_CAPTURE_AUTORELEASING = YES;
				CLANG_WARN_BOOL_CONVERSION = YES;
				CLANG_WARN_COMMA = YES;
				CLANG_WARN_CONSTANT_CONVERSION = YES;
				CLANG_WARN_DEPRECATED_OBJC_IMPLEMENTATIONS = YES;
				CLANG_WARN_DIRECT_OBJC_ISA_USAGE = YES_ERROR;
				CLANG_WARN_DOCUMENTATION_COMMENTS = YES;
				CLANG_WARN_EMPTY_BODY = YES;
				CLANG_WARN_ENUM_CONVERSION = YES;
				CLANG_WARN_INFINITE_RECURSION = YES;
				CLANG_WARN_INT_CONVERSION = YES;
				CLANG_WARN_NON_LITERAL_NULL_CONVERSION = YES;
				CLANG_WARN_OBJC_IMPLICIT_RETAIN_SELF = YES;
				CLANG_WARN_OBJC_LITERAL_CONVERSION = YES;
				CLANG_WARN_OBJC_ROOT_CLASS = YES_ERROR;
				CLANG_WARN_QUOTED_INCLUDE_IN_FRAMEWORK_HEADER = YES;
				CLANG_WARN_RANGE_LOOP_ANALYSIS = YES;
				CLANG_WARN_STRICT_PROTOTYPES = YES;
				CLANG_WARN_SUSPICIOUS_MOVE = YES;
				CLANG_WARN_UNGUARDED_AVAILABILITY = YES_AGGRESSIVE;
				CLANG_WARN_UNREACHABLE_CODE = YES;
				CLANG_WARN__DUPLICATE_METHOD_MATCH = YES;
				COPY_PHASE_STRIP = NO;
				DEBUG_INFORMATION_FORMAT = dwarf;
				ENABLE_STRICT_OBJC_MSGSEND = YES;
				ENABLE_TESTABILITY = YES;
				ENABLE_USER_SCRIPT_SANDBOXING = YES;
				GCC_C_LANGUAGE_STANDARD = gnu17;
				GCC_DYNAMIC_NO_PIC = NO;
				GCC_NO_COMMON_BLOCKS = YES;
				GCC_OPTIMIZATION_LEVEL = 0;
				GCC_PREPROCESSOR_DEFINITIONS = (
					"DEBUG=1",
					"$(inherited)",
				);
				GCC_WARN_64_TO_32_BIT_CONVERSION = YES;
				GCC_WARN_ABOUT_RETURN_TYPE = YES_ERROR;
				GCC_WARN_UNDECLARED_SELECTOR = YES;
				GCC_WARN_UNINITIALIZED_AUTOS = YES_AGGRESSIVE;
				GCC_WARN_UNUSED_FUNCTION = YES;
				GCC_WARN_UNUSED_VARIABLE = YES;
				IPHONEOS_DEPLOYMENT_TARGET = 17.2;
				LOCALIZATION_PREFERS_STRING_CATALOGS = YES;
				MTL_ENABLE_DEBUG_INFO = INCLUDE_SOURCE;
				MTL_FAST_MATH = YES;
				ONLY_ACTIVE_ARCH = YES;
				SDKROOT = iphoneos;
				SWIFT_ACTIVE_COMPILATION_CONDITIONS = "DEBUG $(inherited)";
				SWIFT_OPTIMIZATION_LEVEL = "-Onone";
			};
			name = Debug;
		};
		F0A275EA2F8FCFE400EEFD0A /* Release */ = {
			isa = XCBuildConfiguration;
			buildSettings = {
				ALWAYS_SEARCH_USER_PATHS = NO;
				ASSETCATALOG_COMPILER_GENERATE_SWIFT_ASSET_SYMBOL_EXTENSIONS = YES;
				CLANG_ANALYZER_NONNULL = YES;
				CLANG_ANALYZER_NUMBER_OBJECT_CONVERSION = YES_AGGRESSIVE;
				CLANG_CXX_LANGUAGE_STANDARD = "gnu++20";
				CLANG_ENABLE_MODULES = YES;
				CLANG_ENABLE_OBJC_ARC = YES;
				CLANG_ENABLE_OBJC_WEAK = YES;
				CLANG_WARN_BLOCK_CAPTURE_AUTORELEASING = YES;
				CLANG_WARN_BOOL_CONVERSION = YES;
				CLANG_WARN_COMMA = YES;
				CLANG_WARN_CONSTANT_CONVERSION = YES;
				CLANG_WARN_DEPRECATED_OBJC_IMPLEMENTATIONS = YES;
				CLANG_WARN_DIRECT_OBJC_ISA_USAGE = YES_ERROR;
				CLANG_WARN_DOCUMENTATION_COMMENTS = YES;
				CLANG_WARN_EMPTY_BODY = YES;
				CLANG_WARN_ENUM_CONVERSION = YES;
				CLANG_WARN_INFINITE_RECURSION = YES;
				CLANG_WARN_INT_CONVERSION = YES;
				CLANG_WARN_NON_LITERAL_NULL_CONVERSION = YES;
				CLANG_WARN_OBJC_IMPLICIT_RETAIN_SELF = YES;
				CLANG_WARN_OBJC_LITERAL_CONVERSION = YES;
				CLANG_WARN_OBJC_ROOT_CLASS = YES_ERROR;
				CLANG_WARN_QUOTED_INCLUDE_IN_FRAMEWORK_HEADER = YES;
				CLANG_WARN_RANGE_LOOP_ANALYSIS = YES;
				CLANG_WARN_STRICT_PROTOTYPES = YES;
				CLANG_WARN_SUSPICIOUS_MOVE = YES;
				CLANG_WARN_UNGUARDED_AVAILABILITY = YES_AGGRESSIVE;
				CLANG_WARN_UNREACHABLE_CODE = YES;
				CLANG_WARN__DUPLICATE_METHOD_MATCH = YES;
				COPY_PHASE_STRIP = NO;
				DEBUG_INFORMATION_FORMAT = "dwarf-with-dsym";
				ENABLE_NS_ASSERTIONS = NO;
				ENABLE_STRICT_OBJC_MSGSEND = YES;
				ENABLE_USER_SCRIPT_SANDBOXING = YES;
				GCC_C_LANGUAGE_STANDARD = gnu17;
				GCC_NO_COMMON_BLOCKS = YES;
				GCC_WARN_64_TO_32_BIT_CONVERSION = YES;
				GCC_WARN_ABOUT_RETURN_TYPE = YES_ERROR;
				GCC_WARN_UNDECLARED_SELECTOR = YES;
				GCC_WARN_UNINITIALIZED_AUTOS = YES_AGGRESSIVE;
				GCC_WARN_UNUSED_FUNCTION = YES;
				GCC_WARN_UNUSED_VARIABLE = YES;
				IPHONEOS_DEPLOYMENT_TARGET = 17.2;
				LOCALIZATION_PREFERS_STRING_CATALOGS = YES;
				MTL_ENABLE_DEBUG_INFO = NO;
				MTL_FAST_MATH = YES;
				SDKROOT = iphoneos;
				SWIFT_COMPILATION_MODE = wholemodule;
				VALIDATE_PRODUCT = YES;
			};
			name = Release;
		};
		F0A275EC2F8FCFE400EEFD0A /* Debug */ = {
			isa = XCBuildConfiguration;
			buildSettings = {
				ASSETCATALOG_COMPILER_APPICON_NAME = AppIcon;
				ASSETCATALOG_COMPILER_GLOBAL_ACCENT_COLOR_NAME = AccentColor;
				CODE_SIGN_STYLE = Automatic;
				CURRENT_PROJECT_VERSION = 1;
				DEVELOPMENT_ASSET_PATHS = "\"packera-ios/Preview Content\"";
				DEVELOPMENT_TEAM = MWKF4CCKF8;
				ENABLE_PREVIEWS = YES;
				GENERATE_INFOPLIST_FILE = YES;
				INFOPLIST_KEY_UIApplicationSceneManifest_Generation = YES;
				INFOPLIST_KEY_UIApplicationSupportsIndirectInputEvents = YES;
				INFOPLIST_KEY_UILaunchScreen_Generation = YES;
				INFOPLIST_KEY_UISupportedInterfaceOrientations_iPad = "UIInterfaceOrientationPortrait UIInterfaceOrientationPortraitUpsideDown UIInterfaceOrientationLandscapeLeft UIInterfaceOrientationLandscapeRight";
				INFOPLIST_KEY_UISupportedInterfaceOrientations_iPhone = "UIInterfaceOrientationPortrait UIInterfaceOrientationLandscapeLeft UIInterfaceOrientationLandscapeRight";
				LD_RUNPATH_SEARCH_PATHS = (
					"$(inherited)",
					"@executable_path/Frameworks",
				);
				MARKETING_VERSION = 1.0;
				PRODUCT_BUNDLE_IDENTIFIER = "ph.com.packera-ios";
				PRODUCT_NAME = "$(TARGET_NAME)";
				SWIFT_EMIT_LOC_STRINGS = YES;
				SWIFT_VERSION = 5.0;
				TARGETED_DEVICE_FAMILY = "1,2";
			};
			name = Debug;
		};
		F0A275ED2F8FCFE400EEFD0A /* Release */ = {
			isa = XCBuildConfiguration;
			buildSettings = {
				ASSETCATALOG_COMPILER_APPICON_NAME = AppIcon;
				ASSETCATALOG_COMPILER_GLOBAL_ACCENT_COLOR_NAME = AccentColor;
				CODE_SIGN_STYLE = Automatic;
				CURRENT_PROJECT_VERSION = 1;
				DEVELOPMENT_ASSET_PATHS = "\"packera-ios/Preview Content\"";
				DEVELOPMENT_TEAM = MWKF4CCKF8;
				ENABLE_PREVIEWS = YES;
				GENERATE_INFOPLIST_FILE = YES;
				INFOPLIST_KEY_UIApplicationSceneManifest_Generation = YES;
				INFOPLIST_KEY_UIApplicationSupportsIndirectInputEvents = YES;
				INFOPLIST_KEY_UILaunchScreen_Generation = YES;
				INFOPLIST_KEY_UISupportedInterfaceOrientations_iPad = "UIInterfaceOrientationPortrait UIInterfaceOrientationPortraitUpsideDown UIInterfaceOrientationLandscapeLeft UIInterfaceOrientationLandscapeRight";
				INFOPLIST_KEY_UISupportedInterfaceOrientations_iPhone = "UIInterfaceOrientationPortrait UIInterfaceOrientationLandscapeLeft UIInterfaceOrientationLandscapeRight";
				LD_RUNPATH_SEARCH_PATHS = (
					"$(inherited)",
					"@executable_path/Frameworks",
				);
				MARKETING_VERSION = 1.0;
				PRODUCT_BUNDLE_IDENTIFIER = "ph.com.packera-ios";
				PRODUCT_NAME = "$(TARGET_NAME)";
				SWIFT_EMIT_LOC_STRINGS = YES;
				SWIFT_VERSION = 5.0;
				TARGETED_DEVICE_FAMILY = "1,2";
			};
			name = Release;
		};
		F0A275EF2F8FCFE400EEFD0A /* Debug */ = {
			isa = XCBuildConfiguration;
			buildSettings = {
				ALWAYS_EMBED_SWIFT_STANDARD_LIBRARIES = YES;
				BUNDLE_LOADER = "$(TEST_HOST)";
				CODE_SIGN_STYLE = Automatic;
				CURRENT_PROJECT_VERSION = 1;
				DEVELOPMENT_TEAM = MWKF4CCKF8;
				GENERATE_INFOPLIST_FILE = YES;
				IPHONEOS_DEPLOYMENT_TARGET = 17.2;
				MARKETING_VERSION = 1.0;
				PRODUCT_BUNDLE_IDENTIFIER = "ph.com.packera-iosTests";
				PRODUCT_NAME = "$(TARGET_NAME)";
				SWIFT_EMIT_LOC_STRINGS = NO;
				SWIFT_VERSION = 5.0;
				TARGETED_DEVICE_FAMILY = "1,2";
				TEST_HOST = "$(BUILT_PRODUCTS_DIR)/packera-ios.app/$(BUNDLE_EXECUTABLE_FOLDER_PATH)/packera-ios";
			};
			name = Debug;
		};
		F0A275F02F8FCFE400EEFD0A /* Release */ = {
			isa = XCBuildConfiguration;
			buildSettings = {
				ALWAYS_EMBED_SWIFT_STANDARD_LIBRARIES = YES;
				BUNDLE_LOADER = "$(TEST_HOST)";
				CODE_SIGN_STYLE = Automatic;
				CURRENT_PROJECT_VERSION = 1;
				DEVELOPMENT_TEAM = MWKF4CCKF8;
				GENERATE_INFOPLIST_FILE = YES;
				IPHONEOS_DEPLOYMENT_TARGET = 17.2;
				MARKETING_VERSION = 1.0;
				PRODUCT_BUNDLE_IDENTIFIER = "ph.com.packera-iosTests";
				PRODUCT_NAME = "$(TARGET_NAME)";
				SWIFT_EMIT_LOC_STRINGS = NO;
				SWIFT_VERSION = 5.0;
				TARGETED_DEVICE_FAMILY = "1,2";
				TEST_HOST = "$(BUILT_PRODUCTS_DIR)/packera-ios.app/$(BUNDLE_EXECUTABLE_FOLDER_PATH)/packera-ios";
			};
			name = Release;
		};
		F0A275F22F8FCFE400EEFD0A /* Debug */ = {
			isa = XCBuildConfiguration;
			buildSettings = {
				ALWAYS_EMBED_SWIFT_STANDARD_LIBRARIES = YES;
				CODE_SIGN_STYLE = Automatic;
				CURRENT_PROJECT_VERSION = 1;
				DEVELOPMENT_TEAM = MWKF4CCKF8;
				GENERATE_INFOPLIST_FILE = YES;
				MARKETING_VERSION = 1.0;
				PRODUCT_BUNDLE_IDENTIFIER = "ph.com.packera-iosUITests";
				PRODUCT_NAME = "$(TARGET_NAME)";
				SWIFT_EMIT_LOC_STRINGS = NO;
				SWIFT_VERSION = 5.0;
				TARGETED_DEVICE_FAMILY = "1,2";
				TEST_TARGET_NAME = "packera-ios";
			};
			name = Debug;
		};
		F0A275F32F8FCFE400EEFD0A /* Release */ = {
			isa = XCBuildConfiguration;
			buildSettings = {
				ALWAYS_EMBED_SWIFT_STANDARD_LIBRARIES = YES;
				CODE_SIGN_STYLE = Automatic;
				CURRENT_PROJECT_VERSION = 1;
				DEVELOPMENT_TEAM = MWKF4CCKF8;
				GENERATE_INFOPLIST_FILE = YES;
				MARKETING_VERSION = 1.0;
				PRODUCT_BUNDLE_IDENTIFIER = "ph.com.packera-iosUITests";
				PRODUCT_NAME = "$(TARGET_NAME)";
				SWIFT_EMIT_LOC_STRINGS = NO;
				SWIFT_VERSION = 5.0;
				TARGETED_DEVICE_FAMILY = "1,2";
				TEST_TARGET_NAME = "packera-ios";
			};
			name = Release;
		};
/* End XCBuildConfiguration section */

/* Begin XCConfigurationList section */
		F0A275C22F8FCFE300EEFD0A /* Build configuration list for PBXProject "packera-ios" */ = {
			isa = XCConfigurationList;
			buildConfigurations = (
				F0A275E92F8FCFE400EEFD0A /* Debug */,
				F0A275EA2F8FCFE400EEFD0A /* Release */,
			);
			defaultConfigurationIsVisible = 0;
			defaultConfigurationName = Release;
		};
		F0A275EB2F8FCFE400EEFD0A /* Build configuration list for PBXNativeTarget "packera-ios" */ = {
			isa = XCConfigurationList;
			buildConfigurations = (
				F0A275EC2F8FCFE400EEFD0A /* Debug */,
				F0A275ED2F8FCFE400EEFD0A /* Release */,
			);
			defaultConfigurationIsVisible = 0;
			defaultConfigurationName = Release;
		};
		F0A275EE2F8FCFE400EEFD0A /* Build configuration list for PBXNativeTarget "packera-iosTests" */ = {
			isa = XCConfigurationList;
			buildConfigurations = (
				F0A275EF2F8FCFE400EEFD0A /* Debug */,
				F0A275F02F8FCFE400EEFD0A /* Release */,
			);
			defaultConfigurationIsVisible = 0;
			defaultConfigurationName = Release;
		};
		F0A275F12F8FCFE400EEFD0A /* Build configuration list for PBXNativeTarget "packera-iosUITests" */ = {
			isa = XCConfigurationList;
			buildConfigurations = (
				F0A275F22F8FCFE400EEFD0A /* Debug */,
				F0A275F32F8FCFE400EEFD0A /* Release */,
			);
			defaultConfigurationIsVisible = 0;
			defaultConfigurationName = Release;
		};
/* End XCConfigurationList section */
	};
	rootObject = F0A275BF2F8FCFE300EEFD0A /* Project object */;
}
