// !$*UTF8*$!
{
	archiveVersion = 1;
	classes = {
	};
	objectVersion = 56;
	objects = {

/* Begin PBXBuildFile section */
		F03D28322F91330800FFC73A /* WhereNextView.swift in Sources */ = {isa = PBXBuildFile; fileRef = F03D28312F91330800FFC73A /* WhereNextView.swift */; };
		F03D28352F9134E100FFC73A /* WhereNextViewModel.swift in Sources */ = {isa = PBXBuildFile; fileRef = F03D28332F9134D000FFC73A /* WhereNextViewModel.swift */; };
		F03D28362F9134E100FFC73A /* WhereNextCoordinator.swift in Sources */ = {isa = PBXBuildFile; fileRef = F03D28342F9134E100FFC73A /* WhereNextCoordinator.swift */; };
		F03D28372F9134E100FFC73A /* Destination.swift in Sources */ = {isa = PBXBuildFile; fileRef = F03D28382F9134E100FFC73A /* Destination.swift */; };
		F04D405D2F97A80D004B1492 /* PackingPreferencesViewModel.swift in Sources */ = {isa = PBXBuildFile; fileRef = F04D405A2F97A80D004B1492 /* PackingPreferencesViewModel.swift */; };
		F04D405E2F97A80D004B1492 /* PackingPreferencesCoordinator.swift in Sources */ = {isa = PBXBuildFile; fileRef = F04D405B2F97A80D004B1492 /* PackingPreferencesCoordinator.swift */; };
		F04D405F2F97A80D004B1492 /* PackingPreferencesView.swift in Sources */ = {isa = PBXBuildFile; fileRef = F04D405C2F97A80D004B1492 /* PackingPreferencesView.swift */; };
		F04D40642F97A825004B1492 /* TripStyleViewModel.swift in Sources */ = {isa = PBXBuildFile; fileRef = F04D40612F97A825004B1492 /* TripStyleViewModel.swift */; };
		F04D40652F97A825004B1492 /* TripStyleCoordinator.swift in Sources */ = {isa = PBXBuildFile; fileRef = F04D40622F97A825004B1492 /* TripStyleCoordinator.swift */; };
		F04D40662F97A825004B1492 /* TripStyleView.swift in Sources */ = {isa = PBXBuildFile; fileRef = F04D40632F97A825004B1492 /* TripStyleView.swift */; };
		F04D40682F97A860004B1492 /* PackingPreference.swift in Sources */ = {isa = PBXBuildFile; fileRef = F04D40672F97A860004B1492 /* PackingPreference.swift */; };
		F04D406A2F97A944004B1492 /* TripStyle.swift in Sources */ = {isa = PBXBuildFile; fileRef = F04D40692F97A944004B1492 /* TripStyle.swift */; };
		F04D406F2FA0D969004B1492 /* PackingListCoordinator.swift in Sources */ = {isa = PBXBuildFile; fileRef = F04D406C2FA0D969004B1492 /* PackingListCoordinator.swift */; };
		F04D40702FA0D969004B1492 /* PackingListView.swift in Sources */ = {isa = PBXBuildFile; fileRef = F04D406D2FA0D969004B1492 /* PackingListView.swift */; };
		F04D40712FA0D969004B1492 /* PackingListViewModel.swift in Sources */ = {isa = PBXBuildFile; fileRef = F04D406E2FA0D969004B1492 /* PackingListViewModel.swift */; };
		F04D40732FA0D991004B1492 /* PackingCategory.swift in Sources */ = {isa = PBXBuildFile; fileRef = F04D40722FA0D991004B1492 /* PackingCategory.swift */; };
		F04D40792FA0DB37004B1492 /* WeatherSummaryCoordinator.swift in Sources */ = {isa = PBXBuildFile; fileRef = F04D40762FA0DB37004B1492 /* WeatherSummaryCoordinator.swift */; };
		F04D407A2FA0DB38004B1492 /* WeatherSummaryView.swift in Sources */ = {isa = PBXBuildFile; fileRef = F04D40772FA0DB37004B1492 /* WeatherSummaryView.swift */; };
		F04D407B2FA0DB38004B1492 /* WeatherSummaryViewModel.swift in Sources */ = {isa = PBXBuildFile; fileRef = F04D40782FA0DB37004B1492 /* WeatherSummaryViewModel.swift */; };
		F04D407D2FA0DB71004B1492 /* WeatherSummary.swift in Sources */ = {isa = PBXBuildFile; fileRef = F04D407C2FA0DB71004B1492 /* WeatherSummary.swift */; };
		F0A275CB2F8FCFE300EEFD0A /* packera_iosApp.swift in Sources */ = {isa = PBXBuildFile; fileRef = F0A275CA2F8FCFE300EEFD0A /* packera_iosApp.swift */; };
		F0A275CD2F8FCFE300EEFD0A /* ContentView.swift in Sources */ = {isa = PBXBuildFile; fileRef = F0A275CC2F8FCFE300EEFD0A /* ContentView.swift */; };
		F0A275CF2F8FCFE400EEFD0A /* Assets.xcassets in Resources */ = {isa = PBXBuildFile; fileRef = F0A275CE2F8FCFE400EEFD0A /* Assets.xcassets */; };
		F0A275D22F8FCFE400EEFD0A /* Preview Assets.xcassets in Resources */ = {isa = PBXBuildFile; fileRef = F0A275D12F8FCFE400EEFD0A /* Preview Assets.xcassets */; };
		F0A275DC2F8FCFE400EEFD0A /* packera_iosTests.swift in Sources */ = {isa = PBXBuildFile; fileRef = F0A275DB2F8FCFE400EEFD0A /* packera_iosTests.swift */; };
		F0A275E62F8FCFE400EEFD0A /* packera_iosUITests.swift in Sources */ = {isa = PBXBuildFile; fileRef = F0A275E52F8FCFE400EEFD0A /* packera_iosUITests.swift */; };
		F0A275E82F8FCFE400EEFD0A /* packera_iosUITestsLaunchTests.swift in Sources */ = {isa = PBXBuildFile; fileRef = F0A275E72F8FCFE400EEFD0A /* packera_iosUITestsLaunchTests.swift */; };
/* End PBXBuildFile section */

/* Begin PBXContainerItemProxy section */
		F0A275D82F8FCFE400EEFD0A /* PBXContainerItemProxy */ = {
			isa = PBXContainerItemProxy;
			containerPortal = F0A275BF2F8FCFE300EEFD0A /* Project object */;
			proxyType = 1;
			remoteGlobalIDString = F0A275C62F8FCFE300EEFD0A;
			remoteInfo = "packera-ios";
		};
		F0A275E22F8FCFE400EEFD0A /* PBXContainerItemProxy */ = {
			isa = PBXContainerItemProxy;
			containerPortal = F0A275BF2F8FCFE300EEFD0A /* Project object */;
			proxyType = 1;
			remoteGlobalIDString = F0A275C62F8FCFE300EEFD0A;
			remoteInfo = "packera-ios";
		};
/* End PBXContainerItemProxy section */

/* Begin PBXFileReference section */
		F03D28312F91330800FFC73A /* WhereNextView.swift */ = {isa = PBXFileReference; fileEncoding = 4; lastKnownFileType = sourcecode.swift; path = WhereNextView.swift; sourceTree = "<group>"; };
		F03D28332F9134D000FFC73A /* WhereNextViewModel.swift */ = {isa = PBXFileReference; fileEncoding = 4; lastKnownFileType = sourcecode.swift; path = WhereNextViewModel.swift; sourceTree = "<group>"; };
		F03D28342F9134E100FFC73A /* WhereNextCoordinator.swift */ = {isa = PBXFileReference; fileEncoding = 4; lastKnownFileType = sourcecode.swift; path = WhereNextCoordinator.swift; sourceTree = "<group>"; };
		F03D28382F9134E100FFC73A /* Destination.swift */ = {isa = PBXFileReference; fileEncoding = 4; lastKnownFileType = sourcecode.swift; path = Destination.swift; sourceTree = "<group>"; };
		F04D405A2F97A80D004B1492 /* PackingPreferencesViewModel.swift */ = {isa = PBXFileReference; fileEncoding = 4; lastKnownFileType = sourcecode.swift; path = PackingPreferencesViewModel.swift; sourceTree = "<group>"; };
		F04D405B2F97A80D004B1492 /* PackingPreferencesCoordinator.swift */ = {isa = PBXFileReference; fileEncoding = 4; lastKnownFileType = sourcecode.swift; path = PackingPreferencesCoordinator.swift; sourceTree = "<group>"; };
		F04D405C2F97A80D004B1492 /* PackingPreferencesView.swift */ = {isa = PBXFileReference; fileEncoding = 4; lastKnownFileType = sourcecode.swift; path = PackingPreferencesView.swift; sourceTree = "<group>"; };
		F04D40612F97A825004B1492 /* TripStyleViewModel.swift */ = {isa = PBXFileReference; fileEncoding = 4; lastKnownFileType = sourcecode.swift; path = TripStyleViewModel.swift; sourceTree = "<group>"; };
		F04D40622F97A825004B1492 /* TripStyleCoordinator.swift */ = {isa = PBXFileReference; fileEncoding = 4; lastKnownFileType = sourcecode.swift; path = TripStyleCoordinator.swift; sourceTree = "<group>"; };
		F04D40632F97A825004B1492 /* TripStyleView.swift */ = {isa = PBXFileReference; fileEncoding = 4; lastKnownFileType = sourcecode.swift; path = TripStyleView.swift; sourceTree = "<group>"; };
		F04D40672F97A860004B1492 /* PackingPreference.swift */ = {isa = PBXFileReference; fileEncoding = 4; lastKnownFileType = sourcecode.swift; path = PackingPreference.swift; sourceTree = "<group>"; };
		F04D40692F97A944004B1492 /* TripStyle.swift */ = {isa = PBXFileReference; fileEncoding = 4; lastKnownFileType = sourcecode.swift; path = TripStyle.swift; sourceTree = "<group>"; };
		F04D406C2FA0D969004B1492 /* PackingListCoordinator.swift */ = {isa = PBXFileReference; fileEncoding = 4; lastKnownFileType = sourcecode.swift; path = PackingListCoordinator.swift; sourceTree = "<group>"; };
		F04D406D2FA0D969004B1492 /* PackingListView.swift */ = {isa = PBXFileReference; fileEncoding = 4; lastKnownFileType = sourcecode.swift; path = PackingListView.swift; sourceTree = "<group>"; };
		F04D406E2FA0D969004B1492 /* PackingListViewModel.swift */ = {isa = PBXFileReference; fileEncoding = 4; lastKnownFileType = sourcecode.swift; path = PackingListViewModel.swift; sourceTree = "<group>"; };
		F04D40722FA0D991004B1492 /* PackingCategory.swift */ = {isa = PBXFileReference; fileEncoding = 4; lastKnownFileType = sourcecode.swift; path = PackingCategory.swift; sourceTree = "<group>"; };
		F04D40762FA0DB37004B1492 /* WeatherSummaryCoordinator.swift */ = {isa = PBXFileReference; fileEncoding = 4; lastKnownFileType = sourcecode.swift; path = WeatherSummaryCoordinator.swift; sourceTree = "<group>"; };
		F04D40772FA0DB37004B1492 /* WeatherSummaryView.swift */ = {isa = PBXFileReference; fileEncoding = 4; lastKnownFileType = sourcecode.swift; path = WeatherSummaryView.swift; sourceTree = "<group>"; };
		F04D40782FA0DB37004B1492 /* WeatherSummaryViewModel.swift */ = {isa = PBXFileReference; fileEncoding = 4; lastKnownFileType = sourcecode.swift; path = WeatherSummaryViewModel.swift; sourceTree = "<group>"; };
		F04D407C2FA0DB71004B1492 /* WeatherSummary.swift */ = {isa = PBXFileReference; fileEncoding = 4; lastKnownFileType = sourcecode.swift; path = WeatherSummary.swift; sourceTree = "<group>"; };
		F0A275C72F8FCFE300EEFD0A /* packera-ios.app */ = {isa = PBXFileReference; explicitFileType = wrapper.application; includeInIndex = 0; path = "packera-ios.app"; sourceTree = BUILT_PRODUCTS_DIR; };
		F0A275CA2F8FCFE300EEFD0A /* packera_iosApp.swift */ = {isa = PBXFileReference; lastKnownFileType = sourcecode.swift; path = packera_iosApp.swift; sourceTree = "<group>"; };
		F0A275CC2F8FCFE300EEFD0A /* ContentView.swift */ = {isa = PBXFileReference; lastKnownFileType = sourcecode.swift; path = ContentView.swift; sourceTree = "<group>"; };
		F0A275CE2F8FCFE400EEFD0A /* Assets.xcassets */ = {isa = PBXFileReference; lastKnownFileType = folder.assetcatalog; path = Assets.xcassets; sourceTree = "<group>"; };
		F0A275D12F8FCFE400EEFD0A /* Preview Assets.xcassets */ = {isa = PBXFileReference; lastKnownFileType = folder.assetcatalog; path = "Preview Assets.xcassets"; sourceTree = "<group>"; };
		F0A275D72F8FCFE400EEFD0A /* packera-iosTests.xctest */ = {isa = PBXFileReference; explicitFileType = wrapper.cfbundle; includeInIndex = 0; path = "packera-iosTests.xctest"; sourceTree = BUILT_PRODUCTS_DIR; };
		F0A275DB2F8FCFE400EEFD0A /* packera_iosTests.swift */ = {isa = PBXFileReference; lastKnownFileType = sourcecode.swift; path = packera_iosTests.swift; sourceTree = "<group>"; };
		F0A275E12F8FCFE400EEFD0A /* packera-iosUITests.xctest */ = {isa = PBXFileReference; explicitFileType = wrapper.cfbundle; includeInIndex = 0; path = "packera-iosUITests.xctest"; sourceTree = BUILT_PRODUCTS_DIR; };
		F0A275E52F8FCFE400EEFD0A /* packera_iosUITests.swift */ = {isa = PBXFileReference; lastKnownFileType = sourcecode.swift; path = packera_iosUITests.swift; sourceTree = "<group>"; };
		F0A275E72F8FCFE400EEFD0A /* packera_iosUITestsLaunchTests.swift */ = {isa = PBXFileReference; lastKnownFileType = sourcecode.swift; path = packera_iosUITestsLaunchTests.swift; sourceTree = "<group>"; };
/* End PBXFileReference section */

/* Begin PBXFrameworksBuildPhase section */
		F0A275C42F8FCFE300EEFD0A /* Frameworks */ = {
			isa = PBXFrameworksBuildPhase;
			buildActionMask = 2147483647;
			files = (
			);
			runOnlyForDeploymentPostprocessing = 0;
		};
		F0A275D42F8FCFE400EEFD0A /* Frameworks */ = {
			isa = PBXFrameworksBuildPhase;
			buildActionMask = 2147483647;
			files = (
			);
			runOnlyForDeploymentPostprocessing = 0;
		};
		F0A275DE2F8FCFE400EEFD0A /* Frameworks */ = {
			isa = PBXFrameworksBuildPhase;
			buildActionMask = 2147483647;
			files = (
			);
			runOnlyForDeploymentPostprocessing = 0;
		};
/* End PBXFrameworksBuildPhase section */

/* Begin PBXGroup section */
		F03D28392F9134E100FFC73A /* Models */ = {
			isa = PBXGroup;
			children = (
				F04D407C2FA0DB71004B1492 /* WeatherSummary.swift */,
				F04D40722FA0D991004B1492 /* PackingCategory.swift */,
				F03D28382F9134E100FFC73A /* Destination.swift */,
				F04D40672F97A860004B1492 /* PackingPreference.swift */,
				F04D40692F97A944004B1492 /* TripStyle.swift */,
			);
			path = Models;
			sourceTree = "<group>";
		};
		F04D40592F97A7FA004B1492 /* PackingPreferencesModule */ = {
			isa = PBXGroup;
			children = (
				F04D405B2F97A80D004B1492 /* PackingPreferencesCoordinator.swift */,
				F04D405C2F97A80D004B1492 /* PackingPreferencesView.swift */,
				F04D405A2F97A80D004B1492 /* PackingPreferencesViewModel.swift */,
			);
			path = PackingPreferencesModule;
			sourceTree = "<group>";
		};
		F04D40602F97A814004B1492 /* TripStyleModule */ = {
			isa = PBXGroup;
			children = (
				F04D40622F97A825004B1492 /* TripStyleCoordinator.swift */,
				F04D40632F97A825004B1492 /* TripStyleView.swift */,
				F04D40612F97A825004B1492 /* TripStyleViewModel.swift */,
			);
			path = TripStyleModule;
			sourceTree = "<group>";
		};
		F04D406B2FA0D941004B1492 /* PackingListModule */ = {
			isa = PBXGroup;
			children = (
				F04D406C2FA0D969004B1492 /* PackingListCoordinator.swift */,
				F04D406D2FA0D969004B1492 /* PackingListView.swift */,
				F04D406E2FA0D969004B1492 /* PackingListViewModel.swift */,
			);
			path = PackingListModule;
			sourceTree = "<group>";
		};
		F04D40752FA0DAEF004B1492 /* WeatherSummaryModule */ = {
			isa = PBXGroup;
			children = (
				F04D40762FA0DB37004B1492 /* WeatherSummaryCoordinator.swift */,
				F04D40772FA0DB37004B1492 /* WeatherSummaryView.swift */,
				F04D40782FA0DB37004B1492 /* WeatherSummaryViewModel.swift */,
			);
			path = WeatherSummaryModule;
			sourceTree = "<group>";
		};
		F0A275BE2F8FCFE300EEFD0A = {
			isa = PBXGroup;
			children = (
				F0A275C92F8FCFE300EEFD0A /* packera-ios */,
				F0A275DA2F8FCFE400EEFD0A /* packera-iosTests */,
				F0A275E42F8FCFE400EEFD0A /* packera-iosUITests */,
				F0A275C82F8FCFE300EEFD0A /* Products */,
			);
			sourceTree = "<group>";
		};
		F0A275C82F8FCFE300EEFD0A /* Products */ = {
			isa = PBXGroup;
			children = (
				F0A275C72F8FCFE300EEFD0A /* packera-ios.app */,
				F0A275D72F8FCFE400EEFD0A /* packera-iosTests.xctest */,
				F0A275E12F8FCFE400EEFD0A /* packera-iosUITests.xctest */,
			);
			name = Products;
			sourceTree = "<group>";
		};
		F0A275C92F8FCFE300EEFD0A /* packera-ios */ = {
			isa = PBXGroup;
			children = (
				F04D40752FA0DAEF004B1492 /* WeatherSummaryModule */,
				F04D406B2FA0D941004B1492 /* PackingListModule */,
				F0A275CE2F8FCFE400EEFD0A /* Assets.xcassets */,
				F0A275CC2F8FCFE300EEFD0A /* ContentView.swift */,
				F03D28392F9134E100FFC73A /* Models */,
				F0A275CA2F8FCFE300EEFD0A /* packera_iosApp.swift */,
				F04D40592F97A7FA004B1492 /* PackingPreferencesModule */,
				F0A275D02F8FCFE400EEFD0A /* Preview Content */,
				F04D40602F97A814004B1492 /* TripStyleModule */,
				F0A275F42F91280000EEFD0A /* WhereNextModule */,
			);
			path = "packera-ios";
			sourceTree = "<group>";
		};
		F0A275D02F8FCFE400EEFD0A /* Preview Content */ = {
			isa = PBXGroup;
			children = (
				F0A275D12F8FCFE400EEFD0A /* Preview Assets.xcassets */,
			);
			path = "Preview Content";
			sourceTree = "<group>";
		};
		F0A275DA2F8FCFE400EEFD0A /* packera-iosTests */ = {
			isa = PBXGroup;
			children = (
				F0A275DB2F8FCFE400EEFD0A /* packera_iosTests.swift */,
			);
			path = "packera-iosTests";
			sourceTree = "<group>";
		};
		F0A275E42F8FCFE400EEFD0A /* packera-iosUITests */ = {
			isa = PBXGroup;
			children = (
				F0A275E52F8FCFE400EEFD0A /* packera_iosUITests.swift */,
				F0A275E72F8FCFE400EEFD0A /* packera_iosUITestsLaunchTests.swift */,
			);
			path = "packera-iosUITests";
			sourceTree = "<group>";
		};
		F0A275F42F91280000EEFD0A /* WhereNextModule */ = {
			isa = PBXGroup;
			children = (
				F03D28342F9134E100FFC73A /* WhereNextCoordinator.swift */,
				F03D28312F91330800FFC73A /* WhereNextView.swift */,
				F03D28332F9134D000FFC73A /* WhereNextViewModel.swift */,
			);
			path = WhereNextModule;
			sourceTree = "<group>";
		};
/* End PBXGroup section */

/* Begin PBXNativeTarget section */
		F0A275C62F8FCFE300EEFD0A /* packera-ios */ = {
			isa = PBXNativeTarget;
			buildConfigurationList = F0A275EB2F8FCFE400EEFD0A /* Build configuration list for PBXNativeTarget "packera-ios" */;
			buildPhases = (
				F0A275C32F8FCFE300EEFD0A /* Sources */,
				F0A275C42F8FCFE300EEFD0A /* Frameworks */,
				F0A275C52F8FCFE300EEFD0A /* Resources */,
			);
			buildRules = (
			);
			dependencies = (
			);
			name = "packera-ios";
			productName = "packera-ios";
			productReference = F0A275C72F8FCFE300EEFD0A /* packera-ios.app */;
			productType = "com.apple.product-type.application";
		};
		F0A275D62F8FCFE400EEFD0A /* packera-iosTests */ = {
			isa = PBXNativeTarget;
			buildConfigurationList = F0A275EE2F8FCFE400EEFD0A /* Build configuration list for PBXNativeTarget "packera-iosTests" */;
			buildPhases = (
				F0A275D32F8FCFE400EEFD0A /* Sources */,
				F0A275D42F8FCFE400EEFD0A /* Frameworks */,
				F0A275D52F8FCFE400EEFD0A /* Resources */,
			);
			buildRules = (
			);
			dependencies = (
				F0A275D92F8FCFE400EEFD0A /* PBXTargetDependency */,
			);
			name = "packera-iosTests";
			productName = "packera-iosTests";
			productReference = F0A275D72F8FCFE400EEFD0A /* packera-iosTests.xctest */;
			productType = "com.apple.product-type.bundle.unit-test";
		};
		F0A275E02F8FCFE400EEFD0A /* packera-iosUITests */ = {
			isa = PBXNativeTarget;
			buildConfigurationList = F0A275F12F8FCFE400EEFD0A /* Build configuration list for PBXNativeTarget "packera-iosUITests" */;
			buildPhases = (
				F0A275DD2F8FCFE400EEFD0A /* Sources */,
				F0A275DE2F8FCFE400EEFD0A /* Frameworks */,
				F0A275DF2F8FCFE400EEFD0A /* Resources */,
			);
			buildRules = (
			);
			dependencies = (
				F0A275E32F8FCFE400EEFD0A /* PBXTargetDependency */,
			);
			name = "packera-iosUITests";
			productName = "packera-iosUITests";
			productReference = F0A275E12F8FCFE400EEFD0A /* packera-iosUITests.xctest */;
			productType = "com.apple.product-type.bundle.ui-testing";
		};
/* End PBXNativeTarget section */

/* Begin PBXProject section */
		F0A275BF2F8FCFE300EEFD0A /* Project object */ = {
			isa = PBXProject;
			attributes = {
				BuildIndependentTargetsInParallel = 1;
				LastSwiftUpdateCheck = 1520;
				LastUpgradeCheck = 1520;
				TargetAttributes = {
					F0A275C62F8FCFE300EEFD0A = {
						CreatedOnToolsVersion = 15.2;
					};
					F0A275D62F8FCFE400EEFD0A = {
						CreatedOnToolsVersion = 15.2;
						TestTargetID = F0A275C62F8FCFE300EEFD0A;
					};
					F0A275E02F8FCFE400EEFD0A = {
						CreatedOnToolsVersion = 15.2;
						TestTargetID = F0A275C62F8FCFE300EEFD0A;
					};
				};
			};
			buildConfigurationList = F0A275C22F8FCFE300EEFD0A /* Build configuration list for PBXProject "packera-ios" */;
			compatibilityVersion = "Xcode 14.0";
			developmentRegion = en;
			hasScannedForEncodings = 0;
			knownRegions = (
				en,
				Base,
			);
			mainGroup = F0A275BE2F8FCFE300EEFD0A;
			productRefGroup = F0A275C82F8FCFE300EEFD0A /* Products */;
			projectDirPath = "";
			projectRoot = "";
			targets = (
				F0A275C62F8FCFE300EEFD0A /* packera-ios */,
				F0A275D62F8FCFE400EEFD0A /* packera-iosTests */,
				F0A275E02F8FCFE400EEFD0A /* packera-iosUITests */,
			);
		};
/* End PBXProject section */

/* Begin PBXResourcesBuildPhase section */
		F0A275C52F8FCFE300EEFD0A /* Resources */ = {
			isa = PBXResourcesBuildPhase;
			buildActionMask = 2147483647;
			files = (
				F0A275D22F8FCFE400EEFD0A /* Preview Assets.xcassets in Resources */,
				F0A275CF2F8FCFE400EEFD0A /* Assets.xcassets in Resources */,
			);
			runOnlyForDeploymentPostprocessing = 0;
		};
		F0A275D52F8FCFE400EEFD0A /* Resources */ = {
			isa = PBXResourcesBuildPhase;
			buildActionMask = 2147483647;
			files = (
			);
			runOnlyForDeploymentPostprocessing = 0;
		};
		F0A275DF2F8FCFE400EEFD0A /* Resources */ = {
			isa = PBXResourcesBuildPhase;
			buildActionMask = 2147483647;
			files = (
			);
			runOnlyForDeploymentPostprocessing = 0;
		};
/* End PBXResourcesBuildPhase section */

/* Begin PBXSourcesBuildPhase section */
		F0A275C32F8FCFE300EEFD0A /* Sources */ = {
			isa = PBXSourcesBuildPhase;
			buildActionMask = 2147483647;
			files = (
				F04D405D2F97A80D004B1492 /* PackingPreferencesViewModel.swift in Sources */,
				F04D405E2F97A80D004B1492 /* PackingPreferencesCoordinator.swift in Sources */,
				F0A275CD2F8FCFE300EEFD0A /* ContentView.swift in Sources */,
				F04D40732FA0D991004B1492 /* PackingCategory.swift in Sources */,
				F04D406F2FA0D969004B1492 /* PackingListCoordinator.swift in Sources */,
				F04D40702FA0D969004B1492 /* PackingListView.swift in Sources */,
				F04D40792FA0DB37004B1492 /* WeatherSummaryCoordinator.swift in Sources */,
				F04D40652F97A825004B1492 /* TripStyleCoordinator.swift in Sources */,
				F03D28362F9134E100FFC73A /* WhereNextCoordinator.swift in Sources */,
				F04D407B2FA0DB38004B1492 /* WeatherSummaryViewModel.swift in Sources */,
				F04D40662F97A825004B1492 /* TripStyleView.swift in Sources */,
				F03D28352F9134E100FFC73A /* WhereNextViewModel.swift in Sources */,
				F04D40642F97A825004B1492 /* TripStyleViewModel.swift in Sources */,
				F04D407D2FA0DB71004B1492 /* WeatherSummary.swift in Sources */,
				F04D40712FA0D969004B1492 /* PackingListViewModel.swift in Sources */,
				F03D28322F91330800FFC73A /* WhereNextView.swift in Sources */,
				F04D405F2F97A80D004B1492 /* PackingPreferencesView.swift in Sources */,
				F04D406A2F97A944004B1492 /* TripStyle.swift in Sources */,
				F04D407A2FA0DB38004B1492 /* WeatherSummaryView.swift in Sources */,
				F03D28372F9134E100FFC73A /* Destination.swift in Sources */,
				F04D40682F97A860004B1492 /* PackingPreference.swift in Sources */,
				F0A275CB2F8FCFE300EEFD0A /* packera_iosApp.swift in Sources */,
			);
			runOnlyForDeploymentPostprocessing = 0;
		};
		F0A275D32F8FCFE400EEFD0A /* Sources */ = {
			isa = PBXSourcesBuildPhase;
			buildActionMask = 2147483647;
			files = (
				F0A275DC2F8FCFE400EEFD0A /* packera_iosTests.swift in Sources */,
			);
			runOnlyForDeploymentPostprocessing = 0;
		};
		F0A275DD2F8FCFE400EEFD0A /* Sources */ = {
			isa = PBXSourcesBuildPhase;
			buildActionMask = 2147483647;
			files = (
				F0A275E82F8FCFE400EEFD0A /* packera_iosUITestsLaunchTests.swift in Sources */,
				F0A275E62F8FCFE400EEFD0A /* packera_iosUITests.swift in Sources */,
			);
			runOnlyForDeploymentPostprocessing = 0;
		};
/* End PBXSourcesBuildPhase section */

/* Begin PBXTargetDependency section */
		F0A275D92F8FCFE400EEFD0A /* PBXTargetDependency */ = {
			isa = PBXTargetDependency;
			target = F0A275C62F8FCFE300EEFD0A /* packera-ios */;
			targetProxy = F0A275D82F8FCFE400EEFD0A /* PBXContainerItemProxy */;
		};
		F0A275E32F8FCFE400EEFD0A /* PBXTargetDependency */ = {
			isa = PBXTargetDependency;
			target = F0A275C62F8FCFE300EEFD0A /* packera-ios */;
			targetProxy = F0A275E22F8FCFE400EEFD0A /* PBXContainerItemProxy */;
		};
/* End PBXTargetDependency section */

/* Begin XCBuildConfiguration section */
		F0A275E92F8FCFE400EEFD0A /* Debug */ = {
			isa = XCBuildConfiguration;
			buildSettings = {
				ALWAYS_SEARCH_USER_PATHS = NO;
				ASSETCATALOG_COMPILER_GENERATE_SWIFT_ASSET_SYMBOL_EXTENSIONS = YES;
				CLANG_ANALYZER_NONNULL = YES;
				CLANG_ANALYZER_NUMBER_OBJECT_CONVERSION = YES_AGGRESSIVE;
				CLANG_CXX_LANGUAGE_STANDARD = "gnu++20";
				CLANG_ENABLE_MODULES = YES;
				CLANG_ENABLE_OBJC_ARC = YES;
				CLANG_ENABLE_OBJC_WEAK = YES;
				CLANG_WARN_BLOCK_CAPTURE_AUTORELEASING = YES;
				CLANG_WARN_BOOL_CONVERSION = YES;
				CLANG_WARN_COMMA = YES;
				CLANG_WARN_CONSTANT_CONVERSION = YES;
				CLANG_WARN_DEPRECATED_OBJC_IMPLEMENTATIONS = YES;
				CLANG_WARN_DIRECT_OBJC_ISA_USAGE = YES_ERROR;
				CLANG_WARN_DOCUMENTATION_COMMENTS = YES;
				CLANG_WARN_EMPTY_BODY = YES;
				CLANG_WARN_ENUM_CONVERSION = YES;
				CLANG_WARN_INFINITE_RECURSION = YES;
				CLANG_WARN_INT_CONVERSION = YES;
				CLANG_WARN_NON_LITERAL_NULL_CONVERSION = YES;
				CLANG_WARN_OBJC_IMPLICIT_RETAIN_SELF = YES;
				CLANG_WARN_OBJC_LITERAL_CONVERSION = YES;
				CLANG_WARN_OBJC_ROOT_CLASS = YES_ERROR;
				CLANG_WARN_QUOTED_INCLUDE_IN_FRAMEWORK_HEADER = YES;
				CLANG_WARN_RANGE_LOOP_ANALYSIS = YES;
				CLANG_WARN_STRICT_PROTOTYPES = YES;
				CLANG_WARN_SUSPICIOUS_MOVE = YES;
				CLANG_WARN_UNGUARDED_AVAILABILITY = YES_AGGRESSIVE;
				CLANG_WARN_UNREACHABLE_CODE = YES;
				CLANG_WARN__DUPLICATE_METHOD_MATCH = YES;
				COPY_PHASE_STRIP = NO;
				DEBUG_INFORMATION_FORMAT = dwarf;
				ENABLE_STRICT_OBJC_MSGSEND = YES;
				ENABLE_TESTABILITY = YES;
				ENABLE_USER_SCRIPT_SANDBOXING = YES;
				GCC_C_LANGUAGE_STANDARD = gnu17;
				GCC_DYNAMIC_NO_PIC = NO;
				GCC_NO_COMMON_BLOCKS = YES;
				GCC_OPTIMIZATION_LEVEL = 0;
				GCC_PREPROCESSOR_DEFINITIONS = (
					"DEBUG=1",
					"$(inherited)",
				);
				GCC_WARN_64_TO_32_BIT_CONVERSION = YES;
				GCC_WARN_ABOUT_RETURN_TYPE = YES_ERROR;
				GCC_WARN_UNDECLARED_SELECTOR = YES;
				GCC_WARN_UNINITIALIZED_AUTOS = YES_AGGRESSIVE;
				GCC_WARN_UNUSED_FUNCTION = YES;
				GCC_WARN_UNUSED_VARIABLE = YES;
				IPHONEOS_DEPLOYMENT_TARGET = 17.2;
				LOCALIZATION_PREFERS_STRING_CATALOGS = YES;
				MTL_ENABLE_DEBUG_INFO = INCLUDE_SOURCE;
				MTL_FAST_MATH = YES;
				ONLY_ACTIVE_ARCH = YES;
				SDKROOT = iphoneos;
				SWIFT_ACTIVE_COMPILATION_CONDITIONS = "DEBUG $(inherited)";
				SWIFT_OPTIMIZATION_LEVEL = "-Onone";
			};
			name = Debug;
		};
		F0A275EA2F8FCFE400EEFD0A /* Release */ = {
			isa = XCBuildConfiguration;
			buildSettings = {
				ALWAYS_SEARCH_USER_PATHS = NO;
				ASSETCATALOG_COMPILER_GENERATE_SWIFT_ASSET_SYMBOL_EXTENSIONS = YES;
				CLANG_ANALYZER_NONNULL = YES;
				CLANG_ANALYZER_NUMBER_OBJECT_CONVERSION = YES_AGGRESSIVE;
				CLANG_CXX_LANGUAGE_STANDARD = "gnu++20";
				CLANG_ENABLE_MODULES = YES;
				CLANG_ENABLE_OBJC_ARC = YES;
				CLANG_ENABLE_OBJC_WEAK = YES;
				CLANG_WARN_BLOCK_CAPTURE_AUTORELEASING = YES;
				CLANG_WARN_BOOL_CONVERSION = YES;
				CLANG_WARN_COMMA = YES;
				CLANG_WARN_CONSTANT_CONVERSION = YES;
				CLANG_WARN_DEPRECATED_OBJC_IMPLEMENTATIONS = YES;
				CLANG_WARN_DIRECT_OBJC_ISA_USAGE = YES_ERROR;
				CLANG_WARN_DOCUMENTATION_COMMENTS = YES;
				CLANG_WARN_EMPTY_BODY = YES;
				CLANG_WARN_ENUM_CONVERSION = YES;
				CLANG_WARN_INFINITE_RECURSION = YES;
				CLANG_WARN_INT_CONVERSION = YES;
				CLANG_WARN_NON_LITERAL_NULL_CONVERSION = YES;
				CLANG_WARN_OBJC_IMPLICIT_RETAIN_SELF = YES;
				CLANG_WARN_OBJC_LITERAL_CONVERSION = YES;
				CLANG_WARN_OBJC_ROOT_CLASS = YES_ERROR;
				CLANG_WARN_QUOTED_INCLUDE_IN_FRAMEWORK_HEADER = YES;
				CLANG_WARN_RANGE_LOOP_ANALYSIS = YES;
				CLANG_WARN_STRICT_PROTOTYPES = YES;
				CLANG_WARN_SUSPICIOUS_MOVE = YES;
				CLANG_WARN_UNGUARDED_AVAILABILITY = YES_AGGRESSIVE;
				CLANG_WARN_UNREACHABLE_CODE = YES;
				CLANG_WARN__DUPLICATE_METHOD_MATCH = YES;
				COPY_PHASE_STRIP = NO;
				DEBUG_INFORMATION_FORMAT = "dwarf-with-dsym";
				ENABLE_NS_ASSERTIONS = NO;
				ENABLE_STRICT_OBJC_MSGSEND = YES;
				ENABLE_USER_SCRIPT_SANDBOXING = YES;
				GCC_C_LANGUAGE_STANDARD = gnu17;
				GCC_NO_COMMON_BLOCKS = YES;
				GCC_WARN_64_TO_32_BIT_CONVERSION = YES;
				GCC_WARN_ABOUT_RETURN_TYPE = YES_ERROR;
				GCC_WARN_UNDECLARED_SELECTOR = YES;
				GCC_WARN_UNINITIALIZED_AUTOS = YES_AGGRESSIVE;
				GCC_WARN_UNUSED_FUNCTION = YES;
				GCC_WARN_UNUSED_VARIABLE = YES;
				IPHONEOS_DEPLOYMENT_TARGET = 17.2;
				LOCALIZATION_PREFERS_STRING_CATALOGS = YES;
				MTL_ENABLE_DEBUG_INFO = NO;
				MTL_FAST_MATH = YES;
				SDKROOT = iphoneos;
				SWIFT_COMPILATION_MODE = wholemodule;
				VALIDATE_PRODUCT = YES;
			};
			name = Release;
		};
		F0A275EC2F8FCFE400EEFD0A /* Debug */ = {
			isa = XCBuildConfiguration;
			buildSettings = {
				ASSETCATALOG_COMPILER_APPICON_NAME = AppIcon;
				ASSETCATALOG_COMPILER_GLOBAL_ACCENT_COLOR_NAME = AccentColor;
				CODE_SIGN_STYLE = Automatic;
				CURRENT_PROJECT_VERSION = 1;
				DEVELOPMENT_ASSET_PATHS = "\"packera-ios/Preview Content\"";
				DEVELOPMENT_TEAM = MWKF4CCKF8;
				ENABLE_PREVIEWS = YES;
				GENERATE_INFOPLIST_FILE = YES;
				INFOPLIST_KEY_UIApplicationSceneManifest_Generation = YES;
				INFOPLIST_KEY_UIApplicationSupportsIndirectInputEvents = YES;
				INFOPLIST_KEY_UILaunchScreen_Generation = YES;
				INFOPLIST_KEY_UISupportedInterfaceOrientations_iPad = "UIInterfaceOrientationPortrait UIInterfaceOrientationPortraitUpsideDown UIInterfaceOrientationLandscapeLeft UIInterfaceOrientationLandscapeRight";
				INFOPLIST_KEY_UISupportedInterfaceOrientations_iPhone = "UIInterfaceOrientationPortrait UIInterfaceOrientationLandscapeLeft UIInterfaceOrientationLandscapeRight";
				LD_RUNPATH_SEARCH_PATHS = (
					"$(inherited)",
					"@executable_path/Frameworks",
				);
				MARKETING_VERSION = 1.0;
				PRODUCT_BUNDLE_IDENTIFIER = "ph.com.packera-ios";
				PRODUCT_NAME = "$(TARGET_NAME)";
				SWIFT_EMIT_LOC_STRINGS = YES;
				SWIFT_VERSION = 5.0;
				TARGETED_DEVICE_FAMILY = "1,2";
			};
			name = Debug;
		};
		F0A275ED2F8FCFE400EEFD0A /* Release */ = {
			isa = XCBuildConfiguration;
			buildSettings = {
				ASSETCATALOG_COMPILER_APPICON_NAME = AppIcon;
				ASSETCATALOG_COMPILER_GLOBAL_ACCENT_COLOR_NAME = AccentColor;
				CODE_SIGN_STYLE = Automatic;
				CURRENT_PROJECT_VERSION = 1;
				DEVELOPMENT_ASSET_PATHS = "\"packera-ios/Preview Content\"";
				DEVELOPMENT_TEAM = MWKF4CCKF8;
				ENABLE_PREVIEWS = YES;
				GENERATE_INFOPLIST_FILE = YES;
				INFOPLIST_KEY_UIApplicationSceneManifest_Generation = YES;
				INFOPLIST_KEY_UIApplicationSupportsIndirectInputEvents = YES;
				INFOPLIST_KEY_UILaunchScreen_Generation = YES;
				INFOPLIST_KEY_UISupportedInterfaceOrientations_iPad = "UIInterfaceOrientationPortrait UIInterfaceOrientationPortraitUpsideDown UIInterfaceOrientationLandscapeLeft UIInterfaceOrientationLandscapeRight";
				INFOPLIST_KEY_UISupportedInterfaceOrientations_iPhone = "UIInterfaceOrientationPortrait UIInterfaceOrientationLandscapeLeft UIInterfaceOrientationLandscapeRight";
				LD_RUNPATH_SEARCH_PATHS = (
					"$(inherited)",
					"@executable_path/Frameworks",
				);
				MARKETING_VERSION = 1.0;
				PRODUCT_BUNDLE_IDENTIFIER = "ph.com.packera-ios";
				PRODUCT_NAME = "$(TARGET_NAME)";
				SWIFT_EMIT_LOC_STRINGS = YES;
				SWIFT_VERSION = 5.0;
				TARGETED_DEVICE_FAMILY = "1,2";
			};
			name = Release;
		};
		F0A275EF2F8FCFE400EEFD0A /* Debug */ = {
			isa = XCBuildConfiguration;
			buildSettings = {
				ALWAYS_EMBED_SWIFT_STANDARD_LIBRARIES = YES;
				BUNDLE_LOADER = "$(TEST_HOST)";
				CODE_SIGN_STYLE = Automatic;
				CURRENT_PROJECT_VERSION = 1;
				DEVELOPMENT_TEAM = MWKF4CCKF8;
				GENERATE_INFOPLIST_FILE = YES;
				IPHONEOS_DEPLOYMENT_TARGET = 17.2;
				MARKETING_VERSION = 1.0;
				PRODUCT_BUNDLE_IDENTIFIER = "ph.com.packera-iosTests";
				PRODUCT_NAME = "$(TARGET_NAME)";
				SWIFT_EMIT_LOC_STRINGS = NO;
				SWIFT_VERSION = 5.0;
				TARGETED_DEVICE_FAMILY = "1,2";
				TEST_HOST = "$(BUILT_PRODUCTS_DIR)/packera-ios.app/$(BUNDLE_EXECUTABLE_FOLDER_PATH)/packera-ios";
			};
			name = Debug;
		};
		F0A275F02F8FCFE400EEFD0A /* Release */ = {
			isa = XCBuildConfiguration;
			buildSettings = {
				ALWAYS_EMBED_SWIFT_STANDARD_LIBRARIES = YES;
				BUNDLE_LOADER = "$(TEST_HOST)";
				CODE_SIGN_STYLE = Automatic;
				CURRENT_PROJECT_VERSION = 1;
				DEVELOPMENT_TEAM = MWKF4CCKF8;
				GENERATE_INFOPLIST_FILE = YES;
				IPHONEOS_DEPLOYMENT_TARGET = 17.2;
				MARKETING_VERSION = 1.0;
				PRODUCT_BUNDLE_IDENTIFIER = "ph.com.packera-iosTests";
				PRODUCT_NAME = "$(TARGET_NAME)";
				SWIFT_EMIT_LOC_STRINGS = NO;
				SWIFT_VERSION = 5.0;
				TARGETED_DEVICE_FAMILY = "1,2";
				TEST_HOST = "$(BUILT_PRODUCTS_DIR)/packera-ios.app/$(BUNDLE_EXECUTABLE_FOLDER_PATH)/packera-ios";
			};
			name = Release;
		};
		F0A275F22F8FCFE400EEFD0A /* Debug */ = {
			isa = XCBuildConfiguration;
			buildSettings = {
				ALWAYS_EMBED_SWIFT_STANDARD_LIBRARIES = YES;
				CODE_SIGN_STYLE = Automatic;
				CURRENT_PROJECT_VERSION = 1;
				DEVELOPMENT_TEAM = MWKF4CCKF8;
				GENERATE_INFOPLIST_FILE = YES;
				MARKETING_VERSION = 1.0;
				PRODUCT_BUNDLE_IDENTIFIER = "ph.com.packera-iosUITests";
				PRODUCT_NAME = "$(TARGET_NAME)";
				SWIFT_EMIT_LOC_STRINGS = NO;
				SWIFT_VERSION = 5.0;
				TARGETED_DEVICE_FAMILY = "1,2";
				TEST_TARGET_NAME = "packera-ios";
			};
			name = Debug;
		};
		F0A275F32F8FCFE400EEFD0A /* Release */ = {
			isa = XCBuildConfiguration;
			buildSettings = {
				ALWAYS_EMBED_SWIFT_STANDARD_LIBRARIES = YES;
				CODE_SIGN_STYLE = Automatic;
				CURRENT_PROJECT_VERSION = 1;
				DEVELOPMENT_TEAM = MWKF4CCKF8;
				GENERATE_INFOPLIST_FILE = YES;
				MARKETING_VERSION = 1.0;
				PRODUCT_BUNDLE_IDENTIFIER = "ph.com.packera-iosUITests";
				PRODUCT_NAME = "$(TARGET_NAME)";
				SWIFT_EMIT_LOC_STRINGS = NO;
				SWIFT_VERSION = 5.0;
				TARGETED_DEVICE_FAMILY = "1,2";
				TEST_TARGET_NAME = "packera-ios";
			};
			name = Release;
		};
/* End XCBuildConfiguration section */

/* Begin XCConfigurationList section */
		F0A275C22F8FCFE300EEFD0A /* Build configuration list for PBXProject "packera-ios" */ = {
			isa = XCConfigurationList;
			buildConfigurations = (
				F0A275E92F8FCFE400EEFD0A /* Debug */,
				F0A275EA2F8FCFE400EEFD0A /* Release */,
			);
			defaultConfigurationIsVisible = 0;
			defaultConfigurationName = Release;
		};
		F0A275EB2F8FCFE400EEFD0A /* Build configuration list for PBXNativeTarget "packera-ios" */ = {
			isa = XCConfigurationList;
			buildConfigurations = (
				F0A275EC2F8FCFE400EEFD0A /* Debug */,
				F0A275ED2F8FCFE400EEFD0A /* Release */,
			);
			defaultConfigurationIsVisible = 0;
			defaultConfigurationName = Release;
		};
		F0A275EE2F8FCFE400EEFD0A /* Build configuration list for PBXNativeTarget "packera-iosTests" */ = {
			isa = XCConfigurationList;
			buildConfigurations = (
				F0A275EF2F8FCFE400EEFD0A /* Debug */,
				F0A275F02F8FCFE400EEFD0A /* Release */,
			);
			defaultConfigurationIsVisible = 0;
			defaultConfigurationName = Release;
		};
		F0A275F12F8FCFE400EEFD0A /* Build configuration list for PBXNativeTarget "packera-iosUITests" */ = {
			isa = XCConfigurationList;
			buildConfigurations = (
				F0A275F22F8FCFE400EEFD0A /* Debug */,
				F0A275F32F8FCFE400EEFD0A /* Release */,
			);
			defaultConfigurationIsVisible = 0;
			defaultConfigurationName = Release;
		};
/* End XCConfigurationList section */
	};
	rootObject = F0A275BF2F8FCFE300EEFD0A /* Project object */;
}
